
Microsoft Visual Studio Solution File, Format Version 12.00
# Visual Studio Version 17
VisualStudioVersion = 17.12.35527.113
MinimumVisualStudioVersion = 10.0.40219.1
Project("{FAE04EC0-301F-11D3-BF4B-00C04F79EFBC}") = "MyPersonal", "MyPersonal\MyPersonal.csproj", "{96D34978-FF43-43B3-8590-CA33A5CF2229}"
EndProject
Project("{FAE04EC0-301F-11D3-BF4B-00C04F79EFBC}") = "Domain", "Domain\Domain.csproj", "{C9FBFA74-2585-4544-885F-4E30DD9EAF13}"
EndProject
Project("{FAE04EC0-301F-11D3-BF4B-00C04F79EFBC}") = "Application", "Application\Application.csproj", "{3BDCB1EB-7A69-4FC2-A526-23F28944E22D}"
EndProject
Global
	GlobalSection(SolutionConfigurationPlatforms) = preSolution
		Debug|Any CPU = Debug|Any CPU
		Release|Any CPU = Release|Any CPU
	EndGlobalSection
	GlobalSection(ProjectConfigurationPlatforms) = postSolution
		{96D34978-FF43-43B3-8590-CA33A5CF2229}.Debug|Any CPU.ActiveCfg = Debug|Any CPU
		{96D34978-FF43-43B3-8590-CA33A5CF2229}.Debug|Any CPU.Build.0 = Debug|Any CPU
		{96D34978-FF43-43B3-8590-CA33A5CF2229}.Release|Any CPU.ActiveCfg = Release|Any CPU
		{96D34978-FF43-43B3-8590-CA33A5CF2229}.Release|Any CPU.Build.0 = Release|Any CPU
		{C9FBFA74-2585-4544-885F-4E30DD9EAF13}.Debug|Any CPU.ActiveCfg = Debug|Any CPU
		{C9FBFA74-2585-4544-885F-4E30DD9EAF13}.Debug|Any CPU.Build.0 = Debug|Any CPU
		{C9FBFA74-2585-4544-885F-4E30DD9EAF13}.Release|Any CPU.ActiveCfg = Release|Any CPU
		{C9FBFA74-2585-4544-885F-4E30DD9EAF13}.Release|Any CPU.Build.0 = Release|Any CPU
		{3BDCB1EB-7A69-4FC2-A526-23F28944E22D}.Debug|Any CPU.ActiveCfg = Debug|Any CPU
		{3BDCB1EB-7A69-4FC2-A526-23F28944E22D}.Debug|Any CPU.Build.0 = Debug|Any CPU
		{3BDCB1EB-7A69-4FC2-A526-23F28944E22D}.Release|Any CPU.ActiveCfg = Release|Any CPU
		{3BDCB1EB-7A69-4FC2-A526-23F28944E22D}.Release|Any CPU.Build.0 = Release|Any CPU
	EndGlobalSection
	GlobalSection(SolutionProperties) = preSolution
		HideSolutionNode = FALSE
	EndGlobalSection
EndGlobal
